
Microsoft Visual Studio Solution File, Format Version 12.00
Project("{FAE04EC0-301F-11D3-BF4B-00C04F79EFBC}") = "Bookie.Api", "Bookie.Api\Bookie.Api.csproj", "{A3E10094-B3EE-4566-A358-95E719744CCD}"
EndProject
Project("{FAE04EC0-301F-11D3-BF4B-00C04F79EFBC}") = "Bookie.Web", "Bookie.Web\Bookie.Web.csproj", "{9024BE0C-3192-4424-9B96-EB61D152AFA4}"
EndProject
Global
	GlobalSection(SolutionConfigurationPlatforms) = preSolution
		Debug|Any CPU = Debug|Any CPU
		Release|Any CPU = Release|Any CPU
	EndGlobalSection
	GlobalSection(ProjectConfigurationPlatforms) = postSolution
		{A3E10094-B3EE-4566-A358-95E719744CCD}.Debug|Any CPU.ActiveCfg = Debug|Any CPU
		{A3E10094-B3EE-4566-A358-95E719744CCD}.Debug|Any CPU.Build.0 = Debug|Any CPU
		{A3E10094-B3EE-4566-A358-95E719744CCD}.Release|Any CPU.ActiveCfg = Release|Any CPU
		{A3E10094-B3EE-4566-A358-95E719744CCD}.Release|Any CPU.Build.0 = Release|Any CPU
		{9024BE0C-3192-4424-9B96-EB61D152AFA4}.Debug|Any CPU.ActiveCfg = Debug|Any CPU
		{9024BE0C-3192-4424-9B96-EB61D152AFA4}.Debug|Any CPU.Build.0 = Debug|Any CPU
		{9024BE0C-3192-4424-9B96-EB61D152AFA4}.Release|Any CPU.ActiveCfg = Release|Any CPU
		{9024BE0C-3192-4424-9B96-EB61D152AFA4}.Release|Any CPU.Build.0 = Release|Any CPU
	EndGlobalSection
EndGlobal
